github.com/pkg/errors v0.8.1 h1:iURUrRGxPUNPdy5/HRSm+Yj6okJ6UtLINN0Q9M4+h3I=
github.com/pkg/errors v0.8.1/go.mod h1:bwawxfHBFNV+L2hUp1rHADufV3IMtnDRdf1r5NINEl0=
github.com/tahsinrahman/gobpf v0.0.0-20190828103435-4226291af08b h1:Af1kgGdr+XTxeWQG8i+xxCxXSeNkRAysZw2Fd4CLBMY=
github.com/tahsinrahman/gobpf v0.0.0-20190828103435-4226291af08b/go.mod h1:/isSqNewNcgORdnQ2UxnWrAmdOvVsjqrrdNdTSPNK0U=
